// !$*UTF8*$!
{
	archiveVersion = 1;
	classes = {
	};
	objectVersion = 56;
	objects = {

/* Begin PBXBuildFile section */
		A5B888532ACAA2E9004A8732 /* AppDelegate.swift in Sources */ = {isa = PBXBuildFile; fileRef = A5B888522ACAA2E9004A8732 /* AppDelegate.swift */; };
		A5B888552ACAA2E9004A8732 /* SceneDelegate.swift in Sources */ = {isa = PBXBuildFile; fileRef = A5B888542ACAA2E9004A8732 /* SceneDelegate.swift */; };
		A5B888572ACAA2E9004A8732 /* ViewController.swift in Sources */ = {isa = PBXBuildFile; fileRef = A5B888562ACAA2E9004A8732 /* ViewController.swift */; };
		A5B8885A2ACAA2E9004A8732 /* Main.storyboard in Resources */ = {isa = PBXBuildFile; fileRef = A5B888582ACAA2E9004A8732 /* Main.storyboard */; };
		A5B8885C2ACAA2EB004A8732 /* Assets.xcassets in Resources */ = {isa = PBXBuildFile; fileRef = A5B8885B2ACAA2EB004A8732 /* Assets.xcassets */; };
		A5B8885F2ACAA2EB004A8732 /* LaunchScreen.storyboard in Resources */ = {isa = PBXBuildFile; fileRef = A5B8885D2ACAA2EB004A8732 /* LaunchScreen.storyboard */; };
		A5B8886F2ACAC748004A8732 /* Slide.swift in Sources */ = {isa = PBXBuildFile; fileRef = A5B8886E2ACAC748004A8732 /* Slide.swift */; };
		A5B888712ACAC75B004A8732 /* Slide.xib in Resources */ = {isa = PBXBuildFile; fileRef = A5B888702ACAC75B004A8732 /* Slide.xib */; };
		A5B888782ACD4338004A8732 /* SignInViewController.swift in Sources */ = {isa = PBXBuildFile; fileRef = A5B888762ACD4338004A8732 /* SignInViewController.swift */; };
		A5B888792ACD4338004A8732 /* SignInViewController.xib in Resources */ = {isa = PBXBuildFile; fileRef = A5B888772ACD4338004A8732 /* SignInViewController.xib */; };
		A5B8887C2ACE55D3004A8732 /* SignUpViewController.swift in Sources */ = {isa = PBXBuildFile; fileRef = A5B8887A2ACE55D3004A8732 /* SignUpViewController.swift */; };
		A5B8887D2ACE55D3004A8732 /* SignUpViewController.xib in Resources */ = {isa = PBXBuildFile; fileRef = A5B8887B2ACE55D3004A8732 /* SignUpViewController.xib */; };
		A5F167272AEA5279007F12A4 /* UserInputData.swift in Sources */ = {isa = PBXBuildFile; fileRef = A5F167262AEA5279007F12A4 /* UserInputData.swift */; };
		A5F1672F2AEA59DA007F12A4 /* GoogleService-Info.plist in Resources */ = {isa = PBXBuildFile; fileRef = A5F1672E2AEA59DA007F12A4 /* GoogleService-Info.plist */; };
		A5F167322AEA5AE7007F12A4 /* FirebaseAnalytics in Frameworks */ = {isa = PBXBuildFile; productRef = A5F167312AEA5AE7007F12A4 /* FirebaseAnalytics */; };
		A5F167342AEA5AE7007F12A4 /* FirebaseAnalyticsOnDeviceConversion in Frameworks */ = {isa = PBXBuildFile; productRef = A5F167332AEA5AE7007F12A4 /* FirebaseAnalyticsOnDeviceConversion */; };
		A5F167362AEA5AE7007F12A4 /* FirebaseAnalyticsSwift in Frameworks */ = {isa = PBXBuildFile; productRef = A5F167352AEA5AE7007F12A4 /* FirebaseAnalyticsSwift */; };
		A5F167382AEA5AE7007F12A4 /* FirebaseAnalyticsWithoutAdIdSupport in Frameworks */ = {isa = PBXBuildFile; productRef = A5F167372AEA5AE7007F12A4 /* FirebaseAnalyticsWithoutAdIdSupport */; };
		A5F1673A2AEA5AE7007F12A4 /* FirebaseAppCheck in Frameworks */ = {isa = PBXBuildFile; productRef = A5F167392AEA5AE7007F12A4 /* FirebaseAppCheck */; };
		A5F1673C2AEA5EEA007F12A4 /* FirebaseAnalytics in Frameworks */ = {isa = PBXBuildFile; productRef = A5F1673B2AEA5EEA007F12A4 /* FirebaseAnalytics */; };
		A5F1673E2AEA5EEA007F12A4 /* FirebaseAnalyticsOnDeviceConversion in Frameworks */ = {isa = PBXBuildFile; productRef = A5F1673D2AEA5EEA007F12A4 /* FirebaseAnalyticsOnDeviceConversion */; };
		A5F167402AEA5EEA007F12A4 /* FirebaseAnalyticsSwift in Frameworks */ = {isa = PBXBuildFile; productRef = A5F1673F2AEA5EEA007F12A4 /* FirebaseAnalyticsSwift */; };
		A5F167422AEA5EEA007F12A4 /* FirebaseAnalyticsWithoutAdIdSupport in Frameworks */ = {isa = PBXBuildFile; productRef = A5F167412AEA5EEA007F12A4 /* FirebaseAnalyticsWithoutAdIdSupport */; };
		A5F167442AEA5EEA007F12A4 /* FirebaseAppCheck in Frameworks */ = {isa = PBXBuildFile; productRef = A5F167432AEA5EEA007F12A4 /* FirebaseAppCheck */; };
		A5F167462AEA5EEA007F12A4 /* FirebaseAppDistribution-Beta in Frameworks */ = {isa = PBXBuildFile; productRef = A5F167452AEA5EEA007F12A4 /* FirebaseAppDistribution-Beta */; };
		A5F167482AEA5EEA007F12A4 /* FirebaseAuth in Frameworks */ = {isa = PBXBuildFile; productRef = A5F167472AEA5EEA007F12A4 /* FirebaseAuth */; };
		A5F1674A2AEA5EEA007F12A4 /* FirebaseAuthCombine-Community in Frameworks */ = {isa = PBXBuildFile; productRef = A5F167492AEA5EEA007F12A4 /* FirebaseAuthCombine-Community */; };
		A5F1674C2AEA5EEA007F12A4 /* FirebaseCrashlytics in Frameworks */ = {isa = PBXBuildFile; productRef = A5F1674B2AEA5EEA007F12A4 /* FirebaseCrashlytics */; };
		A5F1674E2AEA5EEA007F12A4 /* FirebaseDatabase in Frameworks */ = {isa = PBXBuildFile; productRef = A5F1674D2AEA5EEA007F12A4 /* FirebaseDatabase */; };
		A5F167502AEA5EEA007F12A4 /* FirebaseDatabaseSwift in Frameworks */ = {isa = PBXBuildFile; productRef = A5F1674F2AEA5EEA007F12A4 /* FirebaseDatabaseSwift */; };
		A5F167522AEA5EEA007F12A4 /* FirebaseDynamicLinks in Frameworks */ = {isa = PBXBuildFile; productRef = A5F167512AEA5EEA007F12A4 /* FirebaseDynamicLinks */; };
		A5F167542AEA5EEA007F12A4 /* FirebaseFirestore in Frameworks */ = {isa = PBXBuildFile; productRef = A5F167532AEA5EEA007F12A4 /* FirebaseFirestore */; };
		A5F167562AEA5EEA007F12A4 /* FirebaseFirestoreCombine-Community in Frameworks */ = {isa = PBXBuildFile; productRef = A5F167552AEA5EEA007F12A4 /* FirebaseFirestoreCombine-Community */; };
		A5F167582AEA5EEA007F12A4 /* FirebaseFirestoreSwift in Frameworks */ = {isa = PBXBuildFile; productRef = A5F167572AEA5EEA007F12A4 /* FirebaseFirestoreSwift */; };
		A5F1675A2AEA5EEA007F12A4 /* FirebaseFunctions in Frameworks */ = {isa = PBXBuildFile; productRef = A5F167592AEA5EEA007F12A4 /* FirebaseFunctions */; };
		A5F1675C2AEA5EEA007F12A4 /* FirebaseFunctionsCombine-Community in Frameworks */ = {isa = PBXBuildFile; productRef = A5F1675B2AEA5EEA007F12A4 /* FirebaseFunctionsCombine-Community */; };
		A5F1675E2AEA5EEA007F12A4 /* FirebaseInAppMessaging-Beta in Frameworks */ = {isa = PBXBuildFile; productRef = A5F1675D2AEA5EEA007F12A4 /* FirebaseInAppMessaging-Beta */; };
		A5F167602AEA5EEA007F12A4 /* FirebaseInAppMessagingSwift-Beta in Frameworks */ = {isa = PBXBuildFile; productRef = A5F1675F2AEA5EEA007F12A4 /* FirebaseInAppMessagingSwift-Beta */; };
		A5F167622AEA5EEA007F12A4 /* FirebaseInstallations in Frameworks */ = {isa = PBXBuildFile; productRef = A5F167612AEA5EEA007F12A4 /* FirebaseInstallations */; };
		A5F167642AEA5EEA007F12A4 /* FirebaseMLModelDownloader in Frameworks */ = {isa = PBXBuildFile; productRef = A5F167632AEA5EEA007F12A4 /* FirebaseMLModelDownloader */; };
		A5F167662AEA5EEA007F12A4 /* FirebaseMessaging in Frameworks */ = {isa = PBXBuildFile; productRef = A5F167652AEA5EEA007F12A4 /* FirebaseMessaging */; };
		A5F167682AEA5EEA007F12A4 /* FirebasePerformance in Frameworks */ = {isa = PBXBuildFile; productRef = A5F167672AEA5EEA007F12A4 /* FirebasePerformance */; };
		A5F1676A2AEA5EEA007F12A4 /* FirebaseRemoteConfig in Frameworks */ = {isa = PBXBuildFile; productRef = A5F167692AEA5EEA007F12A4 /* FirebaseRemoteConfig */; };
		A5F1676C2AEA5EEA007F12A4 /* FirebaseRemoteConfigSwift in Frameworks */ = {isa = PBXBuildFile; productRef = A5F1676B2AEA5EEA007F12A4 /* FirebaseRemoteConfigSwift */; };
		A5F1676E2AEA5EEA007F12A4 /* FirebaseStorage in Frameworks */ = {isa = PBXBuildFile; productRef = A5F1676D2AEA5EEA007F12A4 /* FirebaseStorage */; };
		A5F167702AEA5EEA007F12A4 /* FirebaseStorageCombine-Community in Frameworks */ = {isa = PBXBuildFile; productRef = A5F1676F2AEA5EEA007F12A4 /* FirebaseStorageCombine-Community */; };
		A5F167722AEA5FB6007F12A4 /* AuthViewModel.swift in Sources */ = {isa = PBXBuildFile; fileRef = A5F167712AEA5FB6007F12A4 /* AuthViewModel.swift */; };
		A5F167A52AEB599A007F12A4 /* HomeViewController.swift in Sources */ = {isa = PBXBuildFile; fileRef = A5F167A32AEB599A007F12A4 /* HomeViewController.swift */; };
		A5F167A62AEB599A007F12A4 /* HomeViewController.xib in Resources */ = {isa = PBXBuildFile; fileRef = A5F167A42AEB599A007F12A4 /* HomeViewController.xib */; };
		A5F167A92AEB59C8007F12A4 /* ProfilesViewController.swift in Sources */ = {isa = PBXBuildFile; fileRef = A5F167A72AEB59C8007F12A4 /* ProfilesViewController.swift */; };
		A5F167AA2AEB59C8007F12A4 /* ProfilesViewController.xib in Resources */ = {isa = PBXBuildFile; fileRef = A5F167A82AEB59C8007F12A4 /* ProfilesViewController.xib */; };
		A5F167AD2AEB59DB007F12A4 /* BrowserViewController.swift in Sources */ = {isa = PBXBuildFile; fileRef = A5F167AB2AEB59DB007F12A4 /* BrowserViewController.swift */; };
		A5F167AE2AEB59DB007F12A4 /* BrowserViewController.xib in Resources */ = {isa = PBXBuildFile; fileRef = A5F167AC2AEB59DB007F12A4 /* BrowserViewController.xib */; };
/* End PBXBuildFile section */

/* Begin PBXFileReference section */
		A5B8884F2ACAA2E9004A8732 /* SportNews0210.app */ = {isa = PBXFileReference; explicitFileType = wrapper.application; includeInIndex = 0; path = SportNews0210.app; sourceTree = BUILT_PRODUCTS_DIR; };
		A5B888522ACAA2E9004A8732 /* AppDelegate.swift */ = {isa = PBXFileReference; lastKnownFileType = sourcecode.swift; path = AppDelegate.swift; sourceTree = "<group>"; };
		A5B888542ACAA2E9004A8732 /* SceneDelegate.swift */ = {isa = PBXFileReference; lastKnownFileType = sourcecode.swift; path = SceneDelegate.swift; sourceTree = "<group>"; };
		A5B888562ACAA2E9004A8732 /* ViewController.swift */ = {isa = PBXFileReference; lastKnownFileType = sourcecode.swift; path = ViewController.swift; sourceTree = "<group>"; };
		A5B888592ACAA2E9004A8732 /* Base */ = {isa = PBXFileReference; lastKnownFileType = file.storyboard; name = Base; path = Base.lproj/Main.storyboard; sourceTree = "<group>"; };
		A5B8885B2ACAA2EB004A8732 /* Assets.xcassets */ = {isa = PBXFileReference; lastKnownFileType = folder.assetcatalog; path = Assets.xcassets; sourceTree = "<group>"; };
		A5B8885E2ACAA2EB004A8732 /* Base */ = {isa = PBXFileReference; lastKnownFileType = file.storyboard; name = Base; path = Base.lproj/LaunchScreen.storyboard; sourceTree = "<group>"; };
		A5B888602ACAA2EB004A8732 /* Info.plist */ = {isa = PBXFileReference; lastKnownFileType = text.plist.xml; path = Info.plist; sourceTree = "<group>"; };
		A5B8886E2ACAC748004A8732 /* Slide.swift */ = {isa = PBXFileReference; lastKnownFileType = sourcecode.swift; path = Slide.swift; sourceTree = "<group>"; };
		A5B888702ACAC75B004A8732 /* Slide.xib */ = {isa = PBXFileReference; lastKnownFileType = file.xib; path = Slide.xib; sourceTree = "<group>"; };
		A5B888762ACD4338004A8732 /* SignInViewController.swift */ = {isa = PBXFileReference; lastKnownFileType = sourcecode.swift; path = SignInViewController.swift; sourceTree = "<group>"; };
		A5B888772ACD4338004A8732 /* SignInViewController.xib */ = {isa = PBXFileReference; lastKnownFileType = file.xib; path = SignInViewController.xib; sourceTree = "<group>"; };
		A5B8887A2ACE55D3004A8732 /* SignUpViewController.swift */ = {isa = PBXFileReference; lastKnownFileType = sourcecode.swift; path = SignUpViewController.swift; sourceTree = "<group>"; };
		A5B8887B2ACE55D3004A8732 /* SignUpViewController.xib */ = {isa = PBXFileReference; lastKnownFileType = file.xib; path = SignUpViewController.xib; sourceTree = "<group>"; };
		A5F167262AEA5279007F12A4 /* UserInputData.swift */ = {isa = PBXFileReference; lastKnownFileType = sourcecode.swift; path = UserInputData.swift; sourceTree = "<group>"; };
		A5F1672E2AEA59DA007F12A4 /* GoogleService-Info.plist */ = {isa = PBXFileReference; fileEncoding = 4; lastKnownFileType = text.plist.xml; path = "GoogleService-Info.plist"; sourceTree = "<group>"; };
		A5F167712AEA5FB6007F12A4 /* AuthViewModel.swift */ = {isa = PBXFileReference; lastKnownFileType = sourcecode.swift; path = AuthViewModel.swift; sourceTree = "<group>"; };
		A5F167A32AEB599A007F12A4 /* HomeViewController.swift */ = {isa = PBXFileReference; lastKnownFileType = sourcecode.swift; path = HomeViewController.swift; sourceTree = "<group>"; };
		A5F167A42AEB599A007F12A4 /* HomeViewController.xib */ = {isa = PBXFileReference; lastKnownFileType = file.xib; path = HomeViewController.xib; sourceTree = "<group>"; };
		A5F167A72AEB59C8007F12A4 /* ProfilesViewController.swift */ = {isa = PBXFileReference; lastKnownFileType = sourcecode.swift; path = ProfilesViewController.swift; sourceTree = "<group>"; };
		A5F167A82AEB59C8007F12A4 /* ProfilesViewController.xib */ = {isa = PBXFileReference; lastKnownFileType = file.xib; path = ProfilesViewController.xib; sourceTree = "<group>"; };
		A5F167AB2AEB59DB007F12A4 /* BrowserViewController.swift */ = {isa = PBXFileReference; lastKnownFileType = sourcecode.swift; path = BrowserViewController.swift; sourceTree = "<group>"; };
		A5F167AC2AEB59DB007F12A4 /* BrowserViewController.xib */ = {isa = PBXFileReference; lastKnownFileType = file.xib; path = BrowserViewController.xib; sourceTree = "<group>"; };
/* End PBXFileReference section */

/* Begin PBXFrameworksBuildPhase section */
		A5B8884C2ACAA2E9004A8732 /* Frameworks */ = {
			isa = PBXFrameworksBuildPhase;
			buildActionMask = 2147483647;
			files = (
				A5F167662AEA5EEA007F12A4 /* FirebaseMessaging in Frameworks */,
				A5F167562AEA5EEA007F12A4 /* FirebaseFirestoreCombine-Community in Frameworks */,
				A5F1674E2AEA5EEA007F12A4 /* FirebaseDatabase in Frameworks */,
				A5F167362AEA5AE7007F12A4 /* FirebaseAnalyticsSwift in Frameworks */,
				A5F1676E2AEA5EEA007F12A4 /* FirebaseStorage in Frameworks */,
				A5F167322AEA5AE7007F12A4 /* FirebaseAnalytics in Frameworks */,
				A5F1673C2AEA5EEA007F12A4 /* FirebaseAnalytics in Frameworks */,
				A5F1674C2AEA5EEA007F12A4 /* FirebaseCrashlytics in Frameworks */,
				A5F167542AEA5EEA007F12A4 /* FirebaseFirestore in Frameworks */,
				A5F167522AEA5EEA007F12A4 /* FirebaseDynamicLinks in Frameworks */,
				A5F167702AEA5EEA007F12A4 /* FirebaseStorageCombine-Community in Frameworks */,
				A5F1673E2AEA5EEA007F12A4 /* FirebaseAnalyticsOnDeviceConversion in Frameworks */,
				A5F1675C2AEA5EEA007F12A4 /* FirebaseFunctionsCombine-Community in Frameworks */,
				A5F167602AEA5EEA007F12A4 /* FirebaseInAppMessagingSwift-Beta in Frameworks */,
				A5F167642AEA5EEA007F12A4 /* FirebaseMLModelDownloader in Frameworks */,
				A5F1675E2AEA5EEA007F12A4 /* FirebaseInAppMessaging-Beta in Frameworks */,
				A5F167682AEA5EEA007F12A4 /* FirebasePerformance in Frameworks */,
				A5F1674A2AEA5EEA007F12A4 /* FirebaseAuthCombine-Community in Frameworks */,
				A5F167402AEA5EEA007F12A4 /* FirebaseAnalyticsSwift in Frameworks */,
				A5F167502AEA5EEA007F12A4 /* FirebaseDatabaseSwift in Frameworks */,
				A5F167342AEA5AE7007F12A4 /* FirebaseAnalyticsOnDeviceConversion in Frameworks */,
				A5F1676A2AEA5EEA007F12A4 /* FirebaseRemoteConfig in Frameworks */,
				A5F1673A2AEA5AE7007F12A4 /* FirebaseAppCheck in Frameworks */,
				A5F167482AEA5EEA007F12A4 /* FirebaseAuth in Frameworks */,
				A5F1675A2AEA5EEA007F12A4 /* FirebaseFunctions in Frameworks */,
				A5F167622AEA5EEA007F12A4 /* FirebaseInstallations in Frameworks */,
				A5F167582AEA5EEA007F12A4 /* FirebaseFirestoreSwift in Frameworks */,
				A5F167422AEA5EEA007F12A4 /* FirebaseAnalyticsWithoutAdIdSupport in Frameworks */,
				A5F167442AEA5EEA007F12A4 /* FirebaseAppCheck in Frameworks */,
				A5F1676C2AEA5EEA007F12A4 /* FirebaseRemoteConfigSwift in Frameworks */,
				A5F167462AEA5EEA007F12A4 /* FirebaseAppDistribution-Beta in Frameworks */,
				A5F167382AEA5AE7007F12A4 /* FirebaseAnalyticsWithoutAdIdSupport in Frameworks */,
			);
			runOnlyForDeploymentPostprocessing = 0;
		};
/* End PBXFrameworksBuildPhase section */

/* Begin PBXGroup section */
		A5B888462ACAA2E9004A8732 = {
			isa = PBXGroup;
			children = (
				A5B888512ACAA2E9004A8732 /* SportNews0210 */,
				A5B888502ACAA2E9004A8732 /* Products */,
			);
			sourceTree = "<group>";
		};
		A5B888502ACAA2E9004A8732 /* Products */ = {
			isa = PBXGroup;
			children = (
				A5B8884F2ACAA2E9004A8732 /* SportNews0210.app */,
			);
			name = Products;
			sourceTree = "<group>";
		};
		A5B888512ACAA2E9004A8732 /* SportNews0210 */ = {
			isa = PBXGroup;
			children = (
				A5F167252AEA525E007F12A4 /* Models */,
				A5F1672D2AEA5362007F12A4 /* View */,
				A5F167282AEA5320007F12A4 /* Services */,
				A5B888522ACAA2E9004A8732 /* AppDelegate.swift */,
				A5B888542ACAA2E9004A8732 /* SceneDelegate.swift */,
				A5B8885B2ACAA2EB004A8732 /* Assets.xcassets */,
				A5B8885D2ACAA2EB004A8732 /* LaunchScreen.storyboard */,
				A5B888602ACAA2EB004A8732 /* Info.plist */,
				A5F1672E2AEA59DA007F12A4 /* GoogleService-Info.plist */,
			);
			path = SportNews0210;
			sourceTree = "<group>";
		};
		A5F167252AEA525E007F12A4 /* Models */ = {
			isa = PBXGroup;
			children = (
				A5F167262AEA5279007F12A4 /* UserInputData.swift */,
			);
			path = Models;
			sourceTree = "<group>";
		};
		A5F167282AEA5320007F12A4 /* Services */ = {
			isa = PBXGroup;
			children = (
				A5F167712AEA5FB6007F12A4 /* AuthViewModel.swift */,
			);
			path = Services;
			sourceTree = "<group>";
		};
		A5F1672D2AEA5362007F12A4 /* View */ = {
			isa = PBXGroup;
			children = (
				A5B888582ACAA2E9004A8732 /* Main.storyboard */,
				A5B888562ACAA2E9004A8732 /* ViewController.swift */,
				A5B888762ACD4338004A8732 /* SignInViewController.swift */,
				A5B888772ACD4338004A8732 /* SignInViewController.xib */,
				A5B8887A2ACE55D3004A8732 /* SignUpViewController.swift */,
				A5B8887B2ACE55D3004A8732 /* SignUpViewController.xib */,
				A5B8886E2ACAC748004A8732 /* Slide.swift */,
				A5B888702ACAC75B004A8732 /* Slide.xib */,
				A5F167A32AEB599A007F12A4 /* HomeViewController.swift */,
				A5F167A42AEB599A007F12A4 /* HomeViewController.xib */,
				A5F167A72AEB59C8007F12A4 /* ProfilesViewController.swift */,
				A5F167A82AEB59C8007F12A4 /* ProfilesViewController.xib */,
				A5F167AB2AEB59DB007F12A4 /* BrowserViewController.swift */,
				A5F167AC2AEB59DB007F12A4 /* BrowserViewController.xib */,
			);
			path = View;
			sourceTree = "<group>";
		};
/* End PBXGroup section */

/* Begin PBXNativeTarget section */
		A5B8884E2ACAA2E9004A8732 /* SportNews0210 */ = {
			isa = PBXNativeTarget;
			buildConfigurationList = A5B888632ACAA2EB004A8732 /* Build configuration list for PBXNativeTarget "SportNews0210" */;
			buildPhases = (
				A5B8884B2ACAA2E9004A8732 /* Sources */,
				A5B8884C2ACAA2E9004A8732 /* Frameworks */,
				A5B8884D2ACAA2E9004A8732 /* Resources */,
			);
			buildRules = (
			);
			dependencies = (
			);
			name = SportNews0210;
			packageProductDependencies = (
				A5F167312AEA5AE7007F12A4 /* FirebaseAnalytics */,
				A5F167332AEA5AE7007F12A4 /* FirebaseAnalyticsOnDeviceConversion */,
				A5F167352AEA5AE7007F12A4 /* FirebaseAnalyticsSwift */,
				A5F167372AEA5AE7007F12A4 /* FirebaseAnalyticsWithoutAdIdSupport */,
				A5F167392AEA5AE7007F12A4 /* FirebaseAppCheck */,
				A5F1673B2AEA5EEA007F12A4 /* FirebaseAnalytics */,
				A5F1673D2AEA5EEA007F12A4 /* FirebaseAnalyticsOnDeviceConversion */,
				A5F1673F2AEA5EEA007F12A4 /* FirebaseAnalyticsSwift */,
				A5F167412AEA5EEA007F12A4 /* FirebaseAnalyticsWithoutAdIdSupport */,
				A5F167432AEA5EEA007F12A4 /* FirebaseAppCheck */,
				A5F167452AEA5EEA007F12A4 /* FirebaseAppDistribution-Beta */,
				A5F167472AEA5EEA007F12A4 /* FirebaseAuth */,
				A5F167492AEA5EEA007F12A4 /* FirebaseAuthCombine-Community */,
				A5F1674B2AEA5EEA007F12A4 /* FirebaseCrashlytics */,
				A5F1674D2AEA5EEA007F12A4 /* FirebaseDatabase */,
				A5F1674F2AEA5EEA007F12A4 /* FirebaseDatabaseSwift */,
				A5F167512AEA5EEA007F12A4 /* FirebaseDynamicLinks */,
				A5F167532AEA5EEA007F12A4 /* FirebaseFirestore */,
				A5F167552AEA5EEA007F12A4 /* FirebaseFirestoreCombine-Community */,
				A5F167572AEA5EEA007F12A4 /* FirebaseFirestoreSwift */,
				A5F167592AEA5EEA007F12A4 /* FirebaseFunctions */,
				A5F1675B2AEA5EEA007F12A4 /* FirebaseFunctionsCombine-Community */,
				A5F1675D2AEA5EEA007F12A4 /* FirebaseInAppMessaging-Beta */,
				A5F1675F2AEA5EEA007F12A4 /* FirebaseInAppMessagingSwift-Beta */,
				A5F167612AEA5EEA007F12A4 /* FirebaseInstallations */,
				A5F167632AEA5EEA007F12A4 /* FirebaseMLModelDownloader */,
				A5F167652AEA5EEA007F12A4 /* FirebaseMessaging */,
				A5F167672AEA5EEA007F12A4 /* FirebasePerformance */,
				A5F167692AEA5EEA007F12A4 /* FirebaseRemoteConfig */,
				A5F1676B2AEA5EEA007F12A4 /* FirebaseRemoteConfigSwift */,
				A5F1676D2AEA5EEA007F12A4 /* FirebaseStorage */,
				A5F1676F2AEA5EEA007F12A4 /* FirebaseStorageCombine-Community */,
			);
			productName = SportNews0210;
			productReference = A5B8884F2ACAA2E9004A8732 /* SportNews0210.app */;
			productType = "com.apple.product-type.application";
		};
/* End PBXNativeTarget section */

/* Begin PBXProject section */
		A5B888472ACAA2E9004A8732 /* Project object */ = {
			isa = PBXProject;
			attributes = {
				BuildIndependentTargetsInParallel = 1;
				LastSwiftUpdateCheck = 1500;
				LastUpgradeCheck = 1500;
				TargetAttributes = {
					A5B8884E2ACAA2E9004A8732 = {
						CreatedOnToolsVersion = 15.0;
					};
				};
			};
			buildConfigurationList = A5B8884A2ACAA2E9004A8732 /* Build configuration list for PBXProject "SportNews0210" */;
			compatibilityVersion = "Xcode 14.0";
			developmentRegion = en;
			hasScannedForEncodings = 0;
			knownRegions = (
				en,
				Base,
			);
			mainGroup = A5B888462ACAA2E9004A8732;
			packageReferences = (
				A5F167302AEA5AE7007F12A4 /* XCRemoteSwiftPackageReference "firebase-ios-sdk" */,
			);
			productRefGroup = A5B888502ACAA2E9004A8732 /* Products */;
			projectDirPath = "";
			projectRoot = "";
			targets = (
				A5B8884E2ACAA2E9004A8732 /* SportNews0210 */,
			);
		};
/* End PBXProject section */

/* Begin PBXResourcesBuildPhase section */
		A5B8884D2ACAA2E9004A8732 /* Resources */ = {
			isa = PBXResourcesBuildPhase;
			buildActionMask = 2147483647;
			files = (
				A5B888792ACD4338004A8732 /* SignInViewController.xib in Resources */,
				A5F167AA2AEB59C8007F12A4 /* ProfilesViewController.xib in Resources */,
				A5B8885F2ACAA2EB004A8732 /* LaunchScreen.storyboard in Resources */,
				A5B8885C2ACAA2EB004A8732 /* Assets.xcassets in Resources */,
				A5B8885A2ACAA2E9004A8732 /* Main.storyboard in Resources */,
				A5B8887D2ACE55D3004A8732 /* SignUpViewController.xib in Resources */,
				A5B888712ACAC75B004A8732 /* Slide.xib in Resources */,
				A5F1672F2AEA59DA007F12A4 /* GoogleService-Info.plist in Resources */,
				A5F167A62AEB599A007F12A4 /* HomeViewController.xib in Resources */,
				A5F167AE2AEB59DB007F12A4 /* BrowserViewController.xib in Resources */,
			);
			runOnlyForDeploymentPostprocessing = 0;
		};
/* End PBXResourcesBuildPhase section */

/* Begin PBXSourcesBuildPhase section */
		A5B8884B2ACAA2E9004A8732 /* Sources */ = {
			isa = PBXSourcesBuildPhase;
			buildActionMask = 2147483647;
			files = (
				A5F167AD2AEB59DB007F12A4 /* BrowserViewController.swift in Sources */,
				A5B8887C2ACE55D3004A8732 /* SignUpViewController.swift in Sources */,
				A5B888572ACAA2E9004A8732 /* ViewController.swift in Sources */,
				A5F167A92AEB59C8007F12A4 /* ProfilesViewController.swift in Sources */,
				A5B888532ACAA2E9004A8732 /* AppDelegate.swift in Sources */,
				A5B888552ACAA2E9004A8732 /* SceneDelegate.swift in Sources */,
				A5B888782ACD4338004A8732 /* SignInViewController.swift in Sources */,
				A5F167A52AEB599A007F12A4 /* HomeViewController.swift in Sources */,
				A5B8886F2ACAC748004A8732 /* Slide.swift in Sources */,
				A5F167722AEA5FB6007F12A4 /* AuthViewModel.swift in Sources */,
				A5F167272AEA5279007F12A4 /* UserInputData.swift in Sources */,
			);
			runOnlyForDeploymentPostprocessing = 0;
		};
/* End PBXSourcesBuildPhase section */

/* Begin PBXVariantGroup section */
		A5B888582ACAA2E9004A8732 /* Main.storyboard */ = {
			isa = PBXVariantGroup;
			children = (
				A5B888592ACAA2E9004A8732 /* Base */,
			);
			name = Main.storyboard;
			sourceTree = "<group>";
		};
		A5B8885D2ACAA2EB004A8732 /* LaunchScreen.storyboard */ = {
			isa = PBXVariantGroup;
			children = (
				A5B8885E2ACAA2EB004A8732 /* Base */,
			);
			name = LaunchScreen.storyboard;
			sourceTree = "<group>";
		};
/* End PBXVariantGroup section */

/* Begin XCBuildConfiguration section */
		A5B888612ACAA2EB004A8732 /* Debug */ = {
			isa = XCBuildConfiguration;
			buildSettings = {
				ALWAYS_SEARCH_USER_PATHS = NO;
				ASSETCATALOG_COMPILER_GENERATE_SWIFT_ASSET_SYMBOL_EXTENSIONS = YES;
				CLANG_ANALYZER_NONNULL = YES;
				CLANG_ANALYZER_NUMBER_OBJECT_CONVERSION = YES_AGGRESSIVE;
				CLANG_CXX_LANGUAGE_STANDARD = "gnu++20";
				CLANG_ENABLE_MODULES = YES;
				CLANG_ENABLE_OBJC_ARC = YES;
				CLANG_ENABLE_OBJC_WEAK = YES;
				CLANG_WARN_BLOCK_CAPTURE_AUTORELEASING = YES;
				CLANG_WARN_BOOL_CONVERSION = YES;
				CLANG_WARN_COMMA = YES;
				CLANG_WARN_CONSTANT_CONVERSION = YES;
				CLANG_WARN_DEPRECATED_OBJC_IMPLEMENTATIONS = YES;
				CLANG_WARN_DIRECT_OBJC_ISA_USAGE = YES_ERROR;
				CLANG_WARN_DOCUMENTATION_COMMENTS = YES;
				CLANG_WARN_EMPTY_BODY = YES;
				CLANG_WARN_ENUM_CONVERSION = YES;
				CLANG_WARN_INFINITE_RECURSION = YES;
				CLANG_WARN_INT_CONVERSION = YES;
				CLANG_WARN_NON_LITERAL_NULL_CONVERSION = YES;
				CLANG_WARN_OBJC_IMPLICIT_RETAIN_SELF = YES;
				CLANG_WARN_OBJC_LITERAL_CONVERSION = YES;
				CLANG_WARN_OBJC_ROOT_CLASS = YES_ERROR;
				CLANG_WARN_QUOTED_INCLUDE_IN_FRAMEWORK_HEADER = YES;
				CLANG_WARN_RANGE_LOOP_ANALYSIS = YES;
				CLANG_WARN_STRICT_PROTOTYPES = YES;
				CLANG_WARN_SUSPICIOUS_MOVE = YES;
				CLANG_WARN_UNGUARDED_AVAILABILITY = YES_AGGRESSIVE;
				CLANG_WARN_UNREACHABLE_CODE = YES;
				CLANG_WARN__DUPLICATE_METHOD_MATCH = YES;
				COPY_PHASE_STRIP = NO;
				DEBUG_INFORMATION_FORMAT = dwarf;
				ENABLE_STRICT_OBJC_MSGSEND = YES;
				ENABLE_TESTABILITY = YES;
				ENABLE_USER_SCRIPT_SANDBOXING = YES;
				GCC_C_LANGUAGE_STANDARD = gnu17;
				GCC_DYNAMIC_NO_PIC = NO;
				GCC_NO_COMMON_BLOCKS = YES;
				GCC_OPTIMIZATION_LEVEL = 0;
				GCC_PREPROCESSOR_DEFINITIONS = (
					"DEBUG=1",
					"$(inherited)",
				);
				GCC_WARN_64_TO_32_BIT_CONVERSION = YES;
				GCC_WARN_ABOUT_RETURN_TYPE = YES_ERROR;
				GCC_WARN_UNDECLARED_SELECTOR = YES;
				GCC_WARN_UNINITIALIZED_AUTOS = YES_AGGRESSIVE;
				GCC_WARN_UNUSED_FUNCTION = YES;
				GCC_WARN_UNUSED_VARIABLE = YES;
				IPHONEOS_DEPLOYMENT_TARGET = 17.0;
				LOCALIZATION_PREFERS_STRING_CATALOGS = YES;
				MTL_ENABLE_DEBUG_INFO = INCLUDE_SOURCE;
				MTL_FAST_MATH = YES;
				ONLY_ACTIVE_ARCH = YES;
				SDKROOT = iphoneos;
				SWIFT_ACTIVE_COMPILATION_CONDITIONS = "DEBUG $(inherited)";
				SWIFT_OPTIMIZATION_LEVEL = "-Onone";
			};
			name = Debug;
		};
		A5B888622ACAA2EB004A8732 /* Release */ = {
			isa = XCBuildConfiguration;
			buildSettings = {
				ALWAYS_SEARCH_USER_PATHS = NO;
				ASSETCATALOG_COMPILER_GENERATE_SWIFT_ASSET_SYMBOL_EXTENSIONS = YES;
				CLANG_ANALYZER_NONNULL = YES;
				CLANG_ANALYZER_NUMBER_OBJECT_CONVERSION = YES_AGGRESSIVE;
				CLANG_CXX_LANGUAGE_STANDARD = "gnu++20";
				CLANG_ENABLE_MODULES = YES;
				CLANG_ENABLE_OBJC_ARC = YES;
				CLANG_ENABLE_OBJC_WEAK = YES;
				CLANG_WARN_BLOCK_CAPTURE_AUTORELEASING = YES;
				CLANG_WARN_BOOL_CONVERSION = YES;
				CLANG_WARN_COMMA = YES;
				CLANG_WARN_CONSTANT_CONVERSION = YES;
				CLANG_WARN_DEPRECATED_OBJC_IMPLEMENTATIONS = YES;
				CLANG_WARN_DIRECT_OBJC_ISA_USAGE = YES_ERROR;
				CLANG_WARN_DOCUMENTATION_COMMENTS = YES;
				CLANG_WARN_EMPTY_BODY = YES;
				CLANG_WARN_ENUM_CONVERSION = YES;
				CLANG_WARN_INFINITE_RECURSION = YES;
				CLANG_WARN_INT_CONVERSION = YES;
				CLANG_WARN_NON_LITERAL_NULL_CONVERSION = YES;
				CLANG_WARN_OBJC_IMPLICIT_RETAIN_SELF = YES;
				CLANG_WARN_OBJC_LITERAL_CONVERSION = YES;
				CLANG_WARN_OBJC_ROOT_CLASS = YES_ERROR;
				CLANG_WARN_QUOTED_INCLUDE_IN_FRAMEWORK_HEADER = YES;
				CLANG_WARN_RANGE_LOOP_ANALYSIS = YES;
				CLANG_WARN_STRICT_PROTOTYPES = YES;
				CLANG_WARN_SUSPICIOUS_MOVE = YES;
				CLANG_WARN_UNGUARDED_AVAILABILITY = YES_AGGRESSIVE;
				CLANG_WARN_UNREACHABLE_CODE = YES;
				CLANG_WARN__DUPLICATE_METHOD_MATCH = YES;
				COPY_PHASE_STRIP = NO;
				DEBUG_INFORMATION_FORMAT = "dwarf-with-dsym";
				ENABLE_NS_ASSERTIONS = NO;
				ENABLE_STRICT_OBJC_MSGSEND = YES;
				ENABLE_USER_SCRIPT_SANDBOXING = YES;
				GCC_C_LANGUAGE_STANDARD = gnu17;
				GCC_NO_COMMON_BLOCKS = YES;
				GCC_WARN_64_TO_32_BIT_CONVERSION = YES;
				GCC_WARN_ABOUT_RETURN_TYPE = YES_ERROR;
				GCC_WARN_UNDECLARED_SELECTOR = YES;
				GCC_WARN_UNINITIALIZED_AUTOS = YES_AGGRESSIVE;
				GCC_WARN_UNUSED_FUNCTION = YES;
				GCC_WARN_UNUSED_VARIABLE = YES;
				IPHONEOS_DEPLOYMENT_TARGET = 17.0;
				LOCALIZATION_PREFERS_STRING_CATALOGS = YES;
				MTL_ENABLE_DEBUG_INFO = NO;
				MTL_FAST_MATH = YES;
				SDKROOT = iphoneos;
				SWIFT_COMPILATION_MODE = wholemodule;
				VALIDATE_PRODUCT = YES;
			};
			name = Release;
		};
		A5B888642ACAA2EB004A8732 /* Debug */ = {
			isa = XCBuildConfiguration;
			buildSettings = {
				ASSETCATALOG_COMPILER_APPICON_NAME = AppIcon;
				ASSETCATALOG_COMPILER_GLOBAL_ACCENT_COLOR_NAME = AccentColor;
				CODE_SIGN_STYLE = Automatic;
				CURRENT_PROJECT_VERSION = 1;
				DEVELOPMENT_TEAM = 2F2Y6667QA;
				GENERATE_INFOPLIST_FILE = YES;
				INFOPLIST_FILE = SportNews0210/Info.plist;
				INFOPLIST_KEY_UIApplicationSupportsIndirectInputEvents = YES;
				INFOPLIST_KEY_UILaunchStoryboardName = LaunchScreen;
				INFOPLIST_KEY_UIMainStoryboardFile = Main;
				INFOPLIST_KEY_UISupportedInterfaceOrientations_iPad = "UIInterfaceOrientationPortrait UIInterfaceOrientationPortraitUpsideDown UIInterfaceOrientationLandscapeLeft UIInterfaceOrientationLandscapeRight";
				INFOPLIST_KEY_UISupportedInterfaceOrientations_iPhone = "UIInterfaceOrientationPortrait UIInterfaceOrientationLandscapeLeft UIInterfaceOrientationLandscapeRight";
				LD_RUNPATH_SEARCH_PATHS = (
					"$(inherited)",
					"@executable_path/Frameworks",
				);
				MARKETING_VERSION = 1.0;
				PRODUCT_BUNDLE_IDENTIFIER = com.dofuu.iosapp.sportnews;
				PRODUCT_NAME = "$(TARGET_NAME)";
				SWIFT_EMIT_LOC_STRINGS = YES;
				SWIFT_VERSION = 5.0;
				TARGETED_DEVICE_FAMILY = "1,2";
			};
			name = Debug;
		};
		A5B888652ACAA2EB004A8732 /* Release */ = {
			isa = XCBuildConfiguration;
			buildSettings = {
				ASSETCATALOG_COMPILER_APPICON_NAME = AppIcon;
				ASSETCATALOG_COMPILER_GLOBAL_ACCENT_COLOR_NAME = AccentColor;
				CODE_SIGN_STYLE = Automatic;
				CURRENT_PROJECT_VERSION = 1;
				DEVELOPMENT_TEAM = 2F2Y6667QA;
				GENERATE_INFOPLIST_FILE = YES;
				INFOPLIST_FILE = SportNews0210/Info.plist;
				INFOPLIST_KEY_UIApplicationSupportsIndirectInputEvents = YES;
				INFOPLIST_KEY_UILaunchStoryboardName = LaunchScreen;
				INFOPLIST_KEY_UIMainStoryboardFile = Main;
				INFOPLIST_KEY_UISupportedInterfaceOrientations_iPad = "UIInterfaceOrientationPortrait UIInterfaceOrientationPortraitUpsideDown UIInterfaceOrientationLandscapeLeft UIInterfaceOrientationLandscapeRight";
				INFOPLIST_KEY_UISupportedInterfaceOrientations_iPhone = "UIInterfaceOrientationPortrait UIInterfaceOrientationLandscapeLeft UIInterfaceOrientationLandscapeRight";
				LD_RUNPATH_SEARCH_PATHS = (
					"$(inherited)",
					"@executable_path/Frameworks",
				);
				MARKETING_VERSION = 1.0;
				PRODUCT_BUNDLE_IDENTIFIER = com.dofuu.iosapp.sportnews;
				PRODUCT_NAME = "$(TARGET_NAME)";
				SWIFT_EMIT_LOC_STRINGS = YES;
				SWIFT_VERSION = 5.0;
				TARGETED_DEVICE_FAMILY = "1,2";
			};
			name = Release;
		};
/* End XCBuildConfiguration section */

/* Begin XCConfigurationList section */
		A5B8884A2ACAA2E9004A8732 /* Build configuration list for PBXProject "SportNews0210" */ = {
			isa = XCConfigurationList;
			buildConfigurations = (
				A5B888612ACAA2EB004A8732 /* Debug */,
				A5B888622ACAA2EB004A8732 /* Release */,
			);
			defaultConfigurationIsVisible = 0;
			defaultConfigurationName = Release;
		};
		A5B888632ACAA2EB004A8732 /* Build configuration list for PBXNativeTarget "SportNews0210" */ = {
			isa = XCConfigurationList;
			buildConfigurations = (
				A5B888642ACAA2EB004A8732 /* Debug */,
				A5B888652ACAA2EB004A8732 /* Release */,
			);
			defaultConfigurationIsVisible = 0;
			defaultConfigurationName = Release;
		};
/* End XCConfigurationList section */

/* Begin XCRemoteSwiftPackageReference section */
		A5F167302AEA5AE7007F12A4 /* XCRemoteSwiftPackageReference "firebase-ios-sdk" */ = {
			isa = XCRemoteSwiftPackageReference;
			repositoryURL = "https://github.com/firebase/firebase-ios-sdk";
			requirement = {
				kind = upToNextMajorVersion;
				minimumVersion = 10.16.0;
			};
		};
/* End XCRemoteSwiftPackageReference section */

/* Begin XCSwiftPackageProductDependency section */
		A5F167312AEA5AE7007F12A4 /* FirebaseAnalytics */ = {
			isa = XCSwiftPackageProductDependency;
			package = A5F167302AEA5AE7007F12A4 /* XCRemoteSwiftPackageReference "firebase-ios-sdk" */;
			productName = FirebaseAnalytics;
		};
		A5F167332AEA5AE7007F12A4 /* FirebaseAnalyticsOnDeviceConversion */ = {
			isa = XCSwiftPackageProductDependency;
			package = A5F167302AEA5AE7007F12A4 /* XCRemoteSwiftPackageReference "firebase-ios-sdk" */;
			productName = FirebaseAnalyticsOnDeviceConversion;
		};
		A5F167352AEA5AE7007F12A4 /* FirebaseAnalyticsSwift */ = {
			isa = XCSwiftPackageProductDependency;
			package = A5F167302AEA5AE7007F12A4 /* XCRemoteSwiftPackageReference "firebase-ios-sdk" */;
			productName = FirebaseAnalyticsSwift;
		};
		A5F167372AEA5AE7007F12A4 /* FirebaseAnalyticsWithoutAdIdSupport */ = {
			isa = XCSwiftPackageProductDependency;
			package = A5F167302AEA5AE7007F12A4 /* XCRemoteSwiftPackageReference "firebase-ios-sdk" */;
			productName = FirebaseAnalyticsWithoutAdIdSupport;
		};
		A5F167392AEA5AE7007F12A4 /* FirebaseAppCheck */ = {
			isa = XCSwiftPackageProductDependency;
			package = A5F167302AEA5AE7007F12A4 /* XCRemoteSwiftPackageReference "firebase-ios-sdk" */;
			productName = FirebaseAppCheck;
		};
		A5F1673B2AEA5EEA007F12A4 /* FirebaseAnalytics */ = {
			isa = XCSwiftPackageProductDependency;
			package = A5F167302AEA5AE7007F12A4 /* XCRemoteSwiftPackageReference "firebase-ios-sdk" */;
			productName = FirebaseAnalytics;
		};
		A5F1673D2AEA5EEA007F12A4 /* FirebaseAnalyticsOnDeviceConversion */ = {
			isa = XCSwiftPackageProductDependency;
			package = A5F167302AEA5AE7007F12A4 /* XCRemoteSwiftPackageReference "firebase-ios-sdk" */;
			productName = FirebaseAnalyticsOnDeviceConversion;
		};
		A5F1673F2AEA5EEA007F12A4 /* FirebaseAnalyticsSwift */ = {
			isa = XCSwiftPackageProductDependency;
			package = A5F167302AEA5AE7007F12A4 /* XCRemoteSwiftPackageReference "firebase-ios-sdk" */;
			productName = FirebaseAnalyticsSwift;
		};
		A5F167412AEA5EEA007F12A4 /* FirebaseAnalyticsWithoutAdIdSupport */ = {
			isa = XCSwiftPackageProductDependency;
			package = A5F167302AEA5AE7007F12A4 /* XCRemoteSwiftPackageReference "firebase-ios-sdk" */;
			productName = FirebaseAnalyticsWithoutAdIdSupport;
		};
		A5F167432AEA5EEA007F12A4 /* FirebaseAppCheck */ = {
			isa = XCSwiftPackageProductDependency;
			package = A5F167302AEA5AE7007F12A4 /* XCRemoteSwiftPackageReference "firebase-ios-sdk" */;
			productName = FirebaseAppCheck;
		};
		A5F167452AEA5EEA007F12A4 /* FirebaseAppDistribution-Beta */ = {
			isa = XCSwiftPackageProductDependency;
			package = A5F167302AEA5AE7007F12A4 /* XCRemoteSwiftPackageReference "firebase-ios-sdk" */;
			productName = "FirebaseAppDistribution-Beta";
		};
		A5F167472AEA5EEA007F12A4 /* FirebaseAuth */ = {
			isa = XCSwiftPackageProductDependency;
			package = A5F167302AEA5AE7007F12A4 /* XCRemoteSwiftPackageReference "firebase-ios-sdk" */;
			productName = FirebaseAuth;
		};
		A5F167492AEA5EEA007F12A4 /* FirebaseAuthCombine-Community */ = {
			isa = XCSwiftPackageProductDependency;
			package = A5F167302AEA5AE7007F12A4 /* XCRemoteSwiftPackageReference "firebase-ios-sdk" */;
			productName = "FirebaseAuthCombine-Community";
		};
		A5F1674B2AEA5EEA007F12A4 /* FirebaseCrashlytics */ = {
			isa = XCSwiftPackageProductDependency;
			package = A5F167302AEA5AE7007F12A4 /* XCRemoteSwiftPackageReference "firebase-ios-sdk" */;
			productName = FirebaseCrashlytics;
		};
		A5F1674D2AEA5EEA007F12A4 /* FirebaseDatabase */ = {
			isa = XCSwiftPackageProductDependency;
			package = A5F167302AEA5AE7007F12A4 /* XCRemoteSwiftPackageReference "firebase-ios-sdk" */;
			productName = FirebaseDatabase;
		};
		A5F1674F2AEA5EEA007F12A4 /* FirebaseDatabaseSwift */ = {
			isa = XCSwiftPackageProductDependency;
			package = A5F167302AEA5AE7007F12A4 /* XCRemoteSwiftPackageReference "firebase-ios-sdk" */;
			productName = FirebaseDatabaseSwift;
		};
		A5F167512AEA5EEA007F12A4 /* FirebaseDynamicLinks */ = {
			isa = XCSwiftPackageProductDependency;
			package = A5F167302AEA5AE7007F12A4 /* XCRemoteSwiftPackageReference "firebase-ios-sdk" */;
			productName = FirebaseDynamicLinks;
		};
		A5F167532AEA5EEA007F12A4 /* FirebaseFirestore */ = {
			isa = XCSwiftPackageProductDependency;
			package = A5F167302AEA5AE7007F12A4 /* XCRemoteSwiftPackageReference "firebase-ios-sdk" */;
			productName = FirebaseFirestore;
		};
		A5F167552AEA5EEA007F12A4 /* FirebaseFirestoreCombine-Community */ = {
			isa = XCSwiftPackageProductDependency;
			package = A5F167302AEA5AE7007F12A4 /* XCRemoteSwiftPackageReference "firebase-ios-sdk" */;
			productName = "FirebaseFirestoreCombine-Community";
		};
		A5F167572AEA5EEA007F12A4 /* FirebaseFirestoreSwift */ = {
			isa = XCSwiftPackageProductDependency;
			package = A5F167302AEA5AE7007F12A4 /* XCRemoteSwiftPackageReference "firebase-ios-sdk" */;
			productName = FirebaseFirestoreSwift;
		};
		A5F167592AEA5EEA007F12A4 /* FirebaseFunctions */ = {
			isa = XCSwiftPackageProductDependency;
			package = A5F167302AEA5AE7007F12A4 /* XCRemoteSwiftPackageReference "firebase-ios-sdk" */;
			productName = FirebaseFunctions;
		};
		A5F1675B2AEA5EEA007F12A4 /* FirebaseFunctionsCombine-Community */ = {
			isa = XCSwiftPackageProductDependency;
			package = A5F167302AEA5AE7007F12A4 /* XCRemoteSwiftPackageReference "firebase-ios-sdk" */;
			productName = "FirebaseFunctionsCombine-Community";
		};
		A5F1675D2AEA5EEA007F12A4 /* FirebaseInAppMessaging-Beta */ = {
			isa = XCSwiftPackageProductDependency;
			package = A5F167302AEA5AE7007F12A4 /* XCRemoteSwiftPackageReference "firebase-ios-sdk" */;
			productName = "FirebaseInAppMessaging-Beta";
		};
		A5F1675F2AEA5EEA007F12A4 /* FirebaseInAppMessagingSwift-Beta */ = {
			isa = XCSwiftPackageProductDependency;
			package = A5F167302AEA5AE7007F12A4 /* XCRemoteSwiftPackageReference "firebase-ios-sdk" */;
			productName = "FirebaseInAppMessagingSwift-Beta";
		};
		A5F167612AEA5EEA007F12A4 /* FirebaseInstallations */ = {
			isa = XCSwiftPackageProductDependency;
			package = A5F167302AEA5AE7007F12A4 /* XCRemoteSwiftPackageReference "firebase-ios-sdk" */;
			productName = FirebaseInstallations;
		};
		A5F167632AEA5EEA007F12A4 /* FirebaseMLModelDownloader */ = {
			isa = XCSwiftPackageProductDependency;
			package = A5F167302AEA5AE7007F12A4 /* XCRemoteSwiftPackageReference "firebase-ios-sdk" */;
			productName = FirebaseMLModelDownloader;
		};
		A5F167652AEA5EEA007F12A4 /* FirebaseMessaging */ = {
			isa = XCSwiftPackageProductDependency;
			package = A5F167302AEA5AE7007F12A4 /* XCRemoteSwiftPackageReference "firebase-ios-sdk" */;
			productName = FirebaseMessaging;
		};
		A5F167672AEA5EEA007F12A4 /* FirebasePerformance */ = {
			isa = XCSwiftPackageProductDependency;
			package = A5F167302AEA5AE7007F12A4 /* XCRemoteSwiftPackageReference "firebase-ios-sdk" */;
			productName = FirebasePerformance;
		};
		A5F167692AEA5EEA007F12A4 /* FirebaseRemoteConfig */ = {
			isa = XCSwiftPackageProductDependency;
			package = A5F167302AEA5AE7007F12A4 /* XCRemoteSwiftPackageReference "firebase-ios-sdk" */;
			productName = FirebaseRemoteConfig;
		};
		A5F1676B2AEA5EEA007F12A4 /* FirebaseRemoteConfigSwift */ = {
			isa = XCSwiftPackageProductDependency;
			package = A5F167302AEA5AE7007F12A4 /* XCRemoteSwiftPackageReference "firebase-ios-sdk" */;
			productName = FirebaseRemoteConfigSwift;
		};
		A5F1676D2AEA5EEA007F12A4 /* FirebaseStorage */ = {
			isa = XCSwiftPackageProductDependency;
			package = A5F167302AEA5AE7007F12A4 /* XCRemoteSwiftPackageReference "firebase-ios-sdk" */;
			productName = FirebaseStorage;
		};
		A5F1676F2AEA5EEA007F12A4 /* FirebaseStorageCombine-Community */ = {
			isa = XCSwiftPackageProductDependency;
			package = A5F167302AEA5AE7007F12A4 /* XCRemoteSwiftPackageReference "firebase-ios-sdk" */;
			productName = "FirebaseStorageCombine-Community";
		};
/* End XCSwiftPackageProductDependency section */
	};
	rootObject = A5B888472ACAA2E9004A8732 /* Project object */;
}
